
Microsoft Visual Studio Solution File, Format Version 12.00
# Visual Studio Version 16
VisualStudioVersion = 16.0.32106.194
MinimumVisualStudioVersion = 10.0.40219.1
Project("{9A19103F-16F7-4668-BE54-9A1E7A4F7556}") = "Health_up", "Health_up\Health_up.csproj", "{B34161FE-211F-48A2-A2B2-96AB42F8B9B9}"
EndProject
Global
	GlobalSection(SolutionConfigurationPlatforms) = preSolution
		Debug|Any CPU = Debug|Any CPU
		Release|Any CPU = Release|Any CPU
	EndGlobalSection
	GlobalSection(ProjectConfigurationPlatforms) = postSolution
		{B34161FE-211F-48A2-A2B2-96AB42F8B9B9}.Debug|Any CPU.ActiveCfg = Debug|Any CPU
		{B34161FE-211F-48A2-A2B2-96AB42F8B9B9}.Debug|Any CPU.Build.0 = Debug|Any CPU
		{B34161FE-211F-48A2-A2B2-96AB42F8B9B9}.Release|Any CPU.ActiveCfg = Release|Any CPU
		{B34161FE-211F-48A2-A2B2-96AB42F8B9B9}.Release|Any CPU.Build.0 = Release|Any CPU
	EndGlobalSection
	GlobalSection(SolutionProperties) = preSolution
		HideSolutionNode = FALSE
	EndGlobalSection
	GlobalSection(ExtensibilityGlobals) = postSolution
		SolutionGuid = {D3CB924D-33F0-4931-A1EA-1218E1EC23A2}
	EndGlobalSection
EndGlobal
